
Microsoft Visual Studio Solution File, Format Version 12.00
# Visual Studio Version 17
VisualStudioVersion = 17.11.35208.52
MinimumVisualStudioVersion = 10.0.40219.1
Project("{FAE04EC0-301F-11D3-BF4B-00C04F79EFBC}") = "UniversitySchedule", "UniversitySchedule.csproj", "{2FA50D0B-4BEB-4858-9FC1-5252DC96405A}"
EndProject
Global
	GlobalSection(SolutionConfigurationPlatforms) = preSolution
		Debug|Any CPU = Debug|Any CPU
		Release|Any CPU = Release|Any CPU
	EndGlobalSection
	GlobalSection(ProjectConfigurationPlatforms) = postSolution
		{2FA50D0B-4BEB-4858-9FC1-5252DC96405A}.Debug|Any CPU.ActiveCfg = Debug|Any CPU
		{2FA50D0B-4BEB-4858-9FC1-5252DC96405A}.Debug|Any CPU.Build.0 = Debug|Any CPU
		{2FA50D0B-4BEB-4858-9FC1-5252DC96405A}.Release|Any CPU.ActiveCfg = Release|Any CPU
		{2FA50D0B-4BEB-4858-9FC1-5252DC96405A}.Release|Any CPU.Build.0 = Release|Any CPU
	EndGlobalSection
	GlobalSection(SolutionProperties) = preSolution
		HideSolutionNode = FALSE
	EndGlobalSection
	GlobalSection(ExtensibilityGlobals) = postSolution
		SolutionGuid = {6DBEB528-FDCB-46CE-802C-9C45069919DF}
	EndGlobalSection
EndGlobal
